
Microsoft Visual Studio Solution File, Format Version 12.00
# Visual Studio 15
VisualStudioVersion = 15.0.27004.2005
MinimumVisualStudioVersion = 10.0.40219.1
Project("{8BC9CEB8-8B4A-11D0-8D11-00A0C91BC942}") = "cQCLayers", "cQCLayers.vcxproj", "{2276FB75-B7D0-498B-A46F-9A2B2E1DC848}"
EndProject
Project("{8BC9CEB8-8B4A-11D0-8D11-00A0C91BC942}") = "cStrata", "cStrata.vcxproj", "{57453C20-9DED-43A0-A9FA-6A2DD09542E4}"
EndProject
Global
	GlobalSection(SolutionConfigurationPlatforms) = preSolution
		Debug|x64 = Debug|x64
		Debug|x86 = Debug|x86
		MPRelaase|x64 = MPRelaase|x64
		MPRelaase|x86 = MPRelaase|x86
		Release|x64 = Release|x64
		Release|x86 = Release|x86
	EndGlobalSection
	GlobalSection(ProjectConfigurationPlatforms) = postSolution
		{2276FB75-B7D0-498B-A46F-9A2B2E1DC848}.Debug|x64.ActiveCfg = Debug|x64
		{2276FB75-B7D0-498B-A46F-9A2B2E1DC848}.Debug|x86.ActiveCfg = Debug|Win32
		{2276FB75-B7D0-498B-A46F-9A2B2E1DC848}.Debug|x86.Build.0 = Debug|Win32
		{2276FB75-B7D0-498B-A46F-9A2B2E1DC848}.MPRelaase|x64.ActiveCfg = MPRelaase|x64
		{2276FB75-B7D0-498B-A46F-9A2B2E1DC848}.MPRelaase|x64.Build.0 = MPRelaase|x64
		{2276FB75-B7D0-498B-A46F-9A2B2E1DC848}.MPRelaase|x86.ActiveCfg = MPRelaase|Win32
		{2276FB75-B7D0-498B-A46F-9A2B2E1DC848}.MPRelaase|x86.Build.0 = MPRelaase|Win32
		{2276FB75-B7D0-498B-A46F-9A2B2E1DC848}.Release|x64.ActiveCfg = Release|x64
		{2276FB75-B7D0-498B-A46F-9A2B2E1DC848}.Release|x86.ActiveCfg = Release|Win32
		{2276FB75-B7D0-498B-A46F-9A2B2E1DC848}.Release|x86.Build.0 = Release|Win32
		{57453C20-9DED-43A0-A9FA-6A2DD09542E4}.Debug|x64.ActiveCfg = Debug|x64
		{57453C20-9DED-43A0-A9FA-6A2DD09542E4}.Debug|x64.Build.0 = Debug|x64
		{57453C20-9DED-43A0-A9FA-6A2DD09542E4}.Debug|x86.ActiveCfg = Debug|Win32
		{57453C20-9DED-43A0-A9FA-6A2DD09542E4}.Debug|x86.Build.0 = Debug|Win32
		{57453C20-9DED-43A0-A9FA-6A2DD09542E4}.MPRelaase|x64.ActiveCfg = Release|x64
		{57453C20-9DED-43A0-A9FA-6A2DD09542E4}.MPRelaase|x64.Build.0 = Release|x64
		{57453C20-9DED-43A0-A9FA-6A2DD09542E4}.MPRelaase|x86.ActiveCfg = Release|Win32
		{57453C20-9DED-43A0-A9FA-6A2DD09542E4}.MPRelaase|x86.Build.0 = Release|Win32
		{57453C20-9DED-43A0-A9FA-6A2DD09542E4}.Release|x64.ActiveCfg = Release|x64
		{57453C20-9DED-43A0-A9FA-6A2DD09542E4}.Release|x64.Build.0 = Release|x64
		{57453C20-9DED-43A0-A9FA-6A2DD09542E4}.Release|x86.ActiveCfg = Release|Win32
		{57453C20-9DED-43A0-A9FA-6A2DD09542E4}.Release|x86.Build.0 = Release|Win32
	EndGlobalSection
	GlobalSection(SolutionProperties) = preSolution
		HideSolutionNode = FALSE
	EndGlobalSection
	GlobalSection(ExtensibilityGlobals) = postSolution
		SolutionGuid = {9D21ABD7-886D-4F50-A752-EB248891E5EA}
	EndGlobalSection
EndGlobal
